// !$*UTF8*$!
{
	archiveVersion = 1;
	classes = {
	};
	objectVersion = 56;
	objects = {

/* Begin PBXBuildFile section */
		879D4F512C7A488100E529FD /* assesmentApp.swift in Sources */ = {isa = PBXBuildFile; fileRef = 879D4F502C7A488100E529FD /* assesmentApp.swift */; };
		879D4F532C7A488100E529FD /* ContentView.swift in Sources */ = {isa = PBXBuildFile; fileRef = 879D4F522C7A488100E529FD /* ContentView.swift */; };
		879D4F552C7A488200E529FD /* Assets.xcassets in Resources */ = {isa = PBXBuildFile; fileRef = 879D4F542C7A488200E529FD /* Assets.xcassets */; };
		879D4F582C7A488200E529FD /* Preview Assets.xcassets in Resources */ = {isa = PBXBuildFile; fileRef = 879D4F572C7A488200E529FD /* Preview Assets.xcassets */; };
		879D4F5A2C7A488200E529FD /* Persistence.swift in Sources */ = {isa = PBXBuildFile; fileRef = 879D4F592C7A488200E529FD /* Persistence.swift */; };
		879D4F5D2C7A488200E529FD /* assesment.xcdatamodeld in Sources */ = {isa = PBXBuildFile; fileRef = 879D4F5B2C7A488200E529FD /* assesment.xcdatamodeld */; };
		879D4F692C7A4A6500E529FD /* NetworkManager.swift in Sources */ = {isa = PBXBuildFile; fileRef = 879D4F682C7A4A6500E529FD /* NetworkManager.swift */; };
		879D4F702C7A527500E529FD /* WeatherViewModel.swift in Sources */ = {isa = PBXBuildFile; fileRef = 879D4F6F2C7A527400E529FD /* WeatherViewModel.swift */; };
		879D4F762C7AD7B600E529FD /* GeoResponse.swift in Sources */ = {isa = PBXBuildFile; fileRef = 879D4F752C7AD7B600E529FD /* GeoResponse.swift */; };
		879D4F782C7AD7EE00E529FD /* WheatherData.swift in Sources */ = {isa = PBXBuildFile; fileRef = 879D4F772C7AD7EE00E529FD /* WheatherData.swift */; };
		879D4F7A2C7ADC3300E529FD /* WeatherDetailView.swift in Sources */ = {isa = PBXBuildFile; fileRef = 879D4F792C7ADC3300E529FD /* WeatherDetailView.swift */; };
/* End PBXBuildFile section */

/* Begin PBXFileReference section */
		879D4F4D2C7A488100E529FD /* assesment.app */ = {isa = PBXFileReference; explicitFileType = wrapper.application; includeInIndex = 0; path = assesment.app; sourceTree = BUILT_PRODUCTS_DIR; };
		879D4F502C7A488100E529FD /* assesmentApp.swift */ = {isa = PBXFileReference; lastKnownFileType = sourcecode.swift; path = assesmentApp.swift; sourceTree = "<group>"; };
		879D4F522C7A488100E529FD /* ContentView.swift */ = {isa = PBXFileReference; lastKnownFileType = sourcecode.swift; path = ContentView.swift; sourceTree = "<group>"; };
		879D4F542C7A488200E529FD /* Assets.xcassets */ = {isa = PBXFileReference; lastKnownFileType = folder.assetcatalog; path = Assets.xcassets; sourceTree = "<group>"; };
		879D4F572C7A488200E529FD /* Preview Assets.xcassets */ = {isa = PBXFileReference; lastKnownFileType = folder.assetcatalog; path = "Preview Assets.xcassets"; sourceTree = "<group>"; };
		879D4F592C7A488200E529FD /* Persistence.swift */ = {isa = PBXFileReference; lastKnownFileType = sourcecode.swift; path = Persistence.swift; sourceTree = "<group>"; };
		879D4F5C2C7A488200E529FD /* assesment.xcdatamodel */ = {isa = PBXFileReference; lastKnownFileType = wrapper.xcdatamodel; path = assesment.xcdatamodel; sourceTree = "<group>"; };
		879D4F682C7A4A6500E529FD /* NetworkManager.swift */ = {isa = PBXFileReference; lastKnownFileType = sourcecode.swift; path = NetworkManager.swift; sourceTree = "<group>"; };
		879D4F6F2C7A527400E529FD /* WeatherViewModel.swift */ = {isa = PBXFileReference; lastKnownFileType = sourcecode.swift; path = WeatherViewModel.swift; sourceTree = "<group>"; };
		879D4F752C7AD7B600E529FD /* GeoResponse.swift */ = {isa = PBXFileReference; lastKnownFileType = sourcecode.swift; path = GeoResponse.swift; sourceTree = "<group>"; };
		879D4F772C7AD7EE00E529FD /* WheatherData.swift */ = {isa = PBXFileReference; lastKnownFileType = sourcecode.swift; path = WheatherData.swift; sourceTree = "<group>"; };
		879D4F792C7ADC3300E529FD /* WeatherDetailView.swift */ = {isa = PBXFileReference; lastKnownFileType = sourcecode.swift; path = WeatherDetailView.swift; sourceTree = "<group>"; };
		879D4F7B2C7AE03D00E529FD /* Info.plist */ = {isa = PBXFileReference; lastKnownFileType = text.plist; path = Info.plist; sourceTree = "<group>"; };
/* End PBXFileReference section */

/* Begin PBXFrameworksBuildPhase section */
		879D4F4A2C7A488100E529FD /* Frameworks */ = {
			isa = PBXFrameworksBuildPhase;
			buildActionMask = 2147483647;
			files = (
			);
			runOnlyForDeploymentPostprocessing = 0;
		};
/* End PBXFrameworksBuildPhase section */

/* Begin PBXGroup section */
		879D4F442C7A488100E529FD = {
			isa = PBXGroup;
			children = (
				879D4F4F2C7A488100E529FD /* assesment */,
				879D4F4E2C7A488100E529FD /* Products */,
			);
			sourceTree = "<group>";
		};
		879D4F4E2C7A488100E529FD /* Products */ = {
			isa = PBXGroup;
			children = (
				879D4F4D2C7A488100E529FD /* assesment.app */,
			);
			name = Products;
			sourceTree = "<group>";
		};
		879D4F4F2C7A488100E529FD /* assesment */ = {
			isa = PBXGroup;
			children = (
				879D4F7B2C7AE03D00E529FD /* Info.plist */,
				879D4F6C2C7A51CA00E529FD /* View */,
				879D4F672C7A4A1700E529FD /* Managers */,
				879D4F662C7A4A0800E529FD /* ViewModel */,
				879D4F632C7A488700E529FD /* Model */,
				879D4F502C7A488100E529FD /* assesmentApp.swift */,
				879D4F542C7A488200E529FD /* Assets.xcassets */,
				879D4F592C7A488200E529FD /* Persistence.swift */,
				879D4F5B2C7A488200E529FD /* assesment.xcdatamodeld */,
				879D4F562C7A488200E529FD /* Preview Content */,
			);
			path = assesment;
			sourceTree = "<group>";
		};
		879D4F562C7A488200E529FD /* Preview Content */ = {
			isa = PBXGroup;
			children = (
				879D4F572C7A488200E529FD /* Preview Assets.xcassets */,
			);
			path = "Preview Content";
			sourceTree = "<group>";
		};
		879D4F632C7A488700E529FD /* Model */ = {
			isa = PBXGroup;
			children = (
				879D4F752C7AD7B600E529FD /* GeoResponse.swift */,
				879D4F772C7AD7EE00E529FD /* WheatherData.swift */,
			);
			path = Model;
			sourceTree = "<group>";
		};
		879D4F662C7A4A0800E529FD /* ViewModel */ = {
			isa = PBXGroup;
			children = (
				879D4F6F2C7A527400E529FD /* WeatherViewModel.swift */,
			);
			path = ViewModel;
			sourceTree = "<group>";
		};
		879D4F672C7A4A1700E529FD /* Managers */ = {
			isa = PBXGroup;
			children = (
				879D4F682C7A4A6500E529FD /* NetworkManager.swift */,
			);
			path = Managers;
			sourceTree = "<group>";
		};
		879D4F6C2C7A51CA00E529FD /* View */ = {
			isa = PBXGroup;
			children = (
				879D4F522C7A488100E529FD /* ContentView.swift */,
				879D4F792C7ADC3300E529FD /* WeatherDetailView.swift */,
			);
			path = View;
			sourceTree = "<group>";
		};
/* End PBXGroup section */

/* Begin PBXNativeTarget section */
		879D4F4C2C7A488100E529FD /* assesment */ = {
			isa = PBXNativeTarget;
			buildConfigurationList = 879D4F602C7A488200E529FD /* Build configuration list for PBXNativeTarget "assesment" */;
			buildPhases = (
				879D4F492C7A488100E529FD /* Sources */,
				879D4F4A2C7A488100E529FD /* Frameworks */,
				879D4F4B2C7A488100E529FD /* Resources */,
			);
			buildRules = (
			);
			dependencies = (
			);
			name = assesment;
			productName = assesment;
			productReference = 879D4F4D2C7A488100E529FD /* assesment.app */;
			productType = "com.apple.product-type.application";
		};
/* End PBXNativeTarget section */

/* Begin PBXProject section */
		879D4F452C7A488100E529FD /* Project object */ = {
			isa = PBXProject;
			attributes = {
				BuildIndependentTargetsInParallel = 1;
				LastSwiftUpdateCheck = 1540;
				LastUpgradeCheck = 1540;
				TargetAttributes = {
					879D4F4C2C7A488100E529FD = {
						CreatedOnToolsVersion = 15.4;
					};
				};
			};
			buildConfigurationList = 879D4F482C7A488100E529FD /* Build configuration list for PBXProject "assesment" */;
			compatibilityVersion = "Xcode 14.0";
			developmentRegion = en;
			hasScannedForEncodings = 0;
			knownRegions = (
				en,
				Base,
			);
			mainGroup = 879D4F442C7A488100E529FD;
			productRefGroup = 879D4F4E2C7A488100E529FD /* Products */;
			projectDirPath = "";
			projectRoot = "";
			targets = (
				879D4F4C2C7A488100E529FD /* assesment */,
			);
		};
/* End PBXProject section */

/* Begin PBXResourcesBuildPhase section */
		879D4F4B2C7A488100E529FD /* Resources */ = {
			isa = PBXResourcesBuildPhase;
			buildActionMask = 2147483647;
			files = (
				879D4F582C7A488200E529FD /* Preview Assets.xcassets in Resources */,
				879D4F552C7A488200E529FD /* Assets.xcassets in Resources */,
			);
			runOnlyForDeploymentPostprocessing = 0;
		};
/* End PBXResourcesBuildPhase section */

/* Begin PBXSourcesBuildPhase section */
		879D4F492C7A488100E529FD /* Sources */ = {
			isa = PBXSourcesBuildPhase;
			buildActionMask = 2147483647;
			files = (
				879D4F762C7AD7B600E529FD /* GeoResponse.swift in Sources */,
				879D4F702C7A527500E529FD /* WeatherViewModel.swift in Sources */,
				879D4F692C7A4A6500E529FD /* NetworkManager.swift in Sources */,
				879D4F5A2C7A488200E529FD /* Persistence.swift in Sources */,
				879D4F5D2C7A488200E529FD /* assesment.xcdatamodeld in Sources */,
				879D4F532C7A488100E529FD /* ContentView.swift in Sources */,
				879D4F7A2C7ADC3300E529FD /* WeatherDetailView.swift in Sources */,
				879D4F512C7A488100E529FD /* assesmentApp.swift in Sources */,
				879D4F782C7AD7EE00E529FD /* WheatherData.swift in Sources */,
			);
			runOnlyForDeploymentPostprocessing = 0;
		};
/* End PBXSourcesBuildPhase section */

/* Begin XCBuildConfiguration section */
		879D4F5E2C7A488200E529FD /* Debug */ = {
			isa = XCBuildConfiguration;
			buildSettings = {
				ALWAYS_SEARCH_USER_PATHS = NO;
				ASSETCATALOG_COMPILER_GENERATE_SWIFT_ASSET_SYMBOL_EXTENSIONS = YES;
				CLANG_ANALYZER_NONNULL = YES;
				CLANG_ANALYZER_NUMBER_OBJECT_CONVERSION = YES_AGGRESSIVE;
				CLANG_CXX_LANGUAGE_STANDARD = "gnu++20";
				CLANG_ENABLE_MODULES = YES;
				CLANG_ENABLE_OBJC_ARC = YES;
				CLANG_ENABLE_OBJC_WEAK = YES;
				CLANG_WARN_BLOCK_CAPTURE_AUTORELEASING = YES;
				CLANG_WARN_BOOL_CONVERSION = YES;
				CLANG_WARN_COMMA = YES;
				CLANG_WARN_CONSTANT_CONVERSION = YES;
				CLANG_WARN_DEPRECATED_OBJC_IMPLEMENTATIONS = YES;
				CLANG_WARN_DIRECT_OBJC_ISA_USAGE = YES_ERROR;
				CLANG_WARN_DOCUMENTATION_COMMENTS = YES;
				CLANG_WARN_EMPTY_BODY = YES;
				CLANG_WARN_ENUM_CONVERSION = YES;
				CLANG_WARN_INFINITE_RECURSION = YES;
				CLANG_WARN_INT_CONVERSION = YES;
				CLANG_WARN_NON_LITERAL_NULL_CONVERSION = YES;
				CLANG_WARN_OBJC_IMPLICIT_RETAIN_SELF = YES;
				CLANG_WARN_OBJC_LITERAL_CONVERSION = YES;
				CLANG_WARN_OBJC_ROOT_CLASS = YES_ERROR;
				CLANG_WARN_QUOTED_INCLUDE_IN_FRAMEWORK_HEADER = YES;
				CLANG_WARN_RANGE_LOOP_ANALYSIS = YES;
				CLANG_WARN_STRICT_PROTOTYPES = YES;
				CLANG_WARN_SUSPICIOUS_MOVE = YES;
				CLANG_WARN_UNGUARDED_AVAILABILITY = YES_AGGRESSIVE;
				CLANG_WARN_UNREACHABLE_CODE = YES;
				CLANG_WARN__DUPLICATE_METHOD_MATCH = YES;
				COPY_PHASE_STRIP = NO;
				DEBUG_INFORMATION_FORMAT = dwarf;
				ENABLE_STRICT_OBJC_MSGSEND = YES;
				ENABLE_TESTABILITY = YES;
				ENABLE_USER_SCRIPT_SANDBOXING = YES;
				GCC_C_LANGUAGE_STANDARD = gnu17;
				GCC_DYNAMIC_NO_PIC = NO;
				GCC_NO_COMMON_BLOCKS = YES;
				GCC_OPTIMIZATION_LEVEL = 0;
				GCC_PREPROCESSOR_DEFINITIONS = (
					"DEBUG=1",
					"$(inherited)",
				);
				GCC_WARN_64_TO_32_BIT_CONVERSION = YES;
				GCC_WARN_ABOUT_RETURN_TYPE = YES_ERROR;
				GCC_WARN_UNDECLARED_SELECTOR = YES;
				GCC_WARN_UNINITIALIZED_AUTOS = YES_AGGRESSIVE;
				GCC_WARN_UNUSED_FUNCTION = YES;
				GCC_WARN_UNUSED_VARIABLE = YES;
				IPHONEOS_DEPLOYMENT_TARGET = 17.5;
				LOCALIZATION_PREFERS_STRING_CATALOGS = YES;
				MTL_ENABLE_DEBUG_INFO = INCLUDE_SOURCE;
				MTL_FAST_MATH = YES;
				ONLY_ACTIVE_ARCH = YES;
				SDKROOT = iphoneos;
				SWIFT_ACTIVE_COMPILATION_CONDITIONS = "DEBUG $(inherited)";
				SWIFT_OPTIMIZATION_LEVEL = "-Onone";
			};
			name = Debug;
		};
		879D4F5F2C7A488200E529FD /* Release */ = {
			isa = XCBuildConfiguration;
			buildSettings = {
				ALWAYS_SEARCH_USER_PATHS = NO;
				ASSETCATALOG_COMPILER_GENERATE_SWIFT_ASSET_SYMBOL_EXTENSIONS = YES;
				CLANG_ANALYZER_NONNULL = YES;
				CLANG_ANALYZER_NUMBER_OBJECT_CONVERSION = YES_AGGRESSIVE;
				CLANG_CXX_LANGUAGE_STANDARD = "gnu++20";
				CLANG_ENABLE_MODULES = YES;
				CLANG_ENABLE_OBJC_ARC = YES;
				CLANG_ENABLE_OBJC_WEAK = YES;
				CLANG_WARN_BLOCK_CAPTURE_AUTORELEASING = YES;
				CLANG_WARN_BOOL_CONVERSION = YES;
				CLANG_WARN_COMMA = YES;
				CLANG_WARN_CONSTANT_CONVERSION = YES;
				CLANG_WARN_DEPRECATED_OBJC_IMPLEMENTATIONS = YES;
				CLANG_WARN_DIRECT_OBJC_ISA_USAGE = YES_ERROR;
				CLANG_WARN_DOCUMENTATION_COMMENTS = YES;
				CLANG_WARN_EMPTY_BODY = YES;
				CLANG_WARN_ENUM_CONVERSION = YES;
				CLANG_WARN_INFINITE_RECURSION = YES;
				CLANG_WARN_INT_CONVERSION = YES;
				CLANG_WARN_NON_LITERAL_NULL_CONVERSION = YES;
				CLANG_WARN_OBJC_IMPLICIT_RETAIN_SELF = YES;
				CLANG_WARN_OBJC_LITERAL_CONVERSION = YES;
				CLANG_WARN_OBJC_ROOT_CLASS = YES_ERROR;
				CLANG_WARN_QUOTED_INCLUDE_IN_FRAMEWORK_HEADER = YES;
				CLANG_WARN_RANGE_LOOP_ANALYSIS = YES;
				CLANG_WARN_STRICT_PROTOTYPES = YES;
				CLANG_WARN_SUSPICIOUS_MOVE = YES;
				CLANG_WARN_UNGUARDED_AVAILABILITY = YES_AGGRESSIVE;
				CLANG_WARN_UNREACHABLE_CODE = YES;
				CLANG_WARN__DUPLICATE_METHOD_MATCH = YES;
				COPY_PHASE_STRIP = NO;
				DEBUG_INFORMATION_FORMAT = "dwarf-with-dsym";
				ENABLE_NS_ASSERTIONS = NO;
				ENABLE_STRICT_OBJC_MSGSEND = YES;
				ENABLE_USER_SCRIPT_SANDBOXING = YES;
				GCC_C_LANGUAGE_STANDARD = gnu17;
				GCC_NO_COMMON_BLOCKS = YES;
				GCC_WARN_64_TO_32_BIT_CONVERSION = YES;
				GCC_WARN_ABOUT_RETURN_TYPE = YES_ERROR;
				GCC_WARN_UNDECLARED_SELECTOR = YES;
				GCC_WARN_UNINITIALIZED_AUTOS = YES_AGGRESSIVE;
				GCC_WARN_UNUSED_FUNCTION = YES;
				GCC_WARN_UNUSED_VARIABLE = YES;
				IPHONEOS_DEPLOYMENT_TARGET = 17.5;
				LOCALIZATION_PREFERS_STRING_CATALOGS = YES;
				MTL_ENABLE_DEBUG_INFO = NO;
				MTL_FAST_MATH = YES;
				SDKROOT = iphoneos;
				SWIFT_COMPILATION_MODE = wholemodule;
				VALIDATE_PRODUCT = YES;
			};
			name = Release;
		};
		879D4F612C7A488200E529FD /* Debug */ = {
			isa = XCBuildConfiguration;
			buildSettings = {
				ASSETCATALOG_COMPILER_APPICON_NAME = AppIcon;
				ASSETCATALOG_COMPILER_GLOBAL_ACCENT_COLOR_NAME = AccentColor;
				CODE_SIGN_STYLE = Automatic;
				CURRENT_PROJECT_VERSION = 1;
				DEVELOPMENT_ASSET_PATHS = "\"assesment/Preview Content\"";
				DEVELOPMENT_TEAM = XR2J6ZC629;
				ENABLE_PREVIEWS = YES;
				GENERATE_INFOPLIST_FILE = YES;
				INFOPLIST_FILE = assesment/Info.plist;
				INFOPLIST_KEY_LSApplicationCategoryType = "";
				INFOPLIST_KEY_UIApplicationSceneManifest_Generation = YES;
				INFOPLIST_KEY_UIApplicationSupportsIndirectInputEvents = YES;
				INFOPLIST_KEY_UILaunchScreen_Generation = YES;
				INFOPLIST_KEY_UISupportedInterfaceOrientations_iPad = "UIInterfaceOrientationPortrait UIInterfaceOrientationPortraitUpsideDown UIInterfaceOrientationLandscapeLeft UIInterfaceOrientationLandscapeRight";
				INFOPLIST_KEY_UISupportedInterfaceOrientations_iPhone = "UIInterfaceOrientationPortrait UIInterfaceOrientationLandscapeLeft UIInterfaceOrientationLandscapeRight";
				LD_RUNPATH_SEARCH_PATHS = (
					"$(inherited)",
					"@executable_path/Frameworks",
				);
				MARKETING_VERSION = 1.0;
				PRODUCT_BUNDLE_IDENTIFIER = com.volcanoyagci.assesment;
				PRODUCT_NAME = "$(TARGET_NAME)";
				SWIFT_EMIT_LOC_STRINGS = YES;
				SWIFT_VERSION = 5.0;
				TARGETED_DEVICE_FAMILY = "1,2";
			};
			name = Debug;
		};
		879D4F622C7A488200E529FD /* Release */ = {
			isa = XCBuildConfiguration;
			buildSettings = {
				ASSETCATALOG_COMPILER_APPICON_NAME = AppIcon;
				ASSETCATALOG_COMPILER_GLOBAL_ACCENT_COLOR_NAME = AccentColor;
				CODE_SIGN_STYLE = Automatic;
				CURRENT_PROJECT_VERSION = 1;
				DEVELOPMENT_ASSET_PATHS = "\"assesment/Preview Content\"";
				DEVELOPMENT_TEAM = XR2J6ZC629;
				ENABLE_PREVIEWS = YES;
				GENERATE_INFOPLIST_FILE = YES;
				INFOPLIST_FILE = assesment/Info.plist;
				INFOPLIST_KEY_LSApplicationCategoryType = "";
				INFOPLIST_KEY_UIApplicationSceneManifest_Generation = YES;
				INFOPLIST_KEY_UIApplicationSupportsIndirectInputEvents = YES;
				INFOPLIST_KEY_UILaunchScreen_Generation = YES;
				INFOPLIST_KEY_UISupportedInterfaceOrientations_iPad = "UIInterfaceOrientationPortrait UIInterfaceOrientationPortraitUpsideDown UIInterfaceOrientationLandscapeLeft UIInterfaceOrientationLandscapeRight";
				INFOPLIST_KEY_UISupportedInterfaceOrientations_iPhone = "UIInterfaceOrientationPortrait UIInterfaceOrientationLandscapeLeft UIInterfaceOrientationLandscapeRight";
				LD_RUNPATH_SEARCH_PATHS = (
					"$(inherited)",
					"@executable_path/Frameworks",
				);
				MARKETING_VERSION = 1.0;
				PRODUCT_BUNDLE_IDENTIFIER = com.volcanoyagci.assesment;
				PRODUCT_NAME = "$(TARGET_NAME)";
				SWIFT_EMIT_LOC_STRINGS = YES;
				SWIFT_VERSION = 5.0;
				TARGETED_DEVICE_FAMILY = "1,2";
			};
			name = Release;
		};
/* End XCBuildConfiguration section */

/* Begin XCConfigurationList section */
		879D4F482C7A488100E529FD /* Build configuration list for PBXProject "assesment" */ = {
			isa = XCConfigurationList;
			buildConfigurations = (
				879D4F5E2C7A488200E529FD /* Debug */,
				879D4F5F2C7A488200E529FD /* Release */,
			);
			defaultConfigurationIsVisible = 0;
			defaultConfigurationName = Release;
		};
		879D4F602C7A488200E529FD /* Build configuration list for PBXNativeTarget "assesment" */ = {
			isa = XCConfigurationList;
			buildConfigurations = (
				879D4F612C7A488200E529FD /* Debug */,
				879D4F622C7A488200E529FD /* Release */,
			);
			defaultConfigurationIsVisible = 0;
			defaultConfigurationName = Release;
		};
/* End XCConfigurationList section */

/* Begin XCVersionGroup section */
		879D4F5B2C7A488200E529FD /* assesment.xcdatamodeld */ = {
			isa = XCVersionGroup;
			children = (
				879D4F5C2C7A488200E529FD /* assesment.xcdatamodel */,
			);
			currentVersion = 879D4F5C2C7A488200E529FD /* assesment.xcdatamodel */;
			path = assesment.xcdatamodeld;
			sourceTree = "<group>";
			versionGroupType = wrapper.xcdatamodel;
		};
/* End XCVersionGroup section */
	};
	rootObject = 879D4F452C7A488100E529FD /* Project object */;
}
